
Microsoft Visual Studio Solution File, Format Version 12.00
# Visual Studio Version 17
VisualStudioVersion = 17.0.32126.317
MinimumVisualStudioVersion = 10.0.40219.1
Project("{FAE04EC0-301F-11D3-BF4B-00C04F79EFBC}") = "SimuladorCashlogy", "SimuladorCashlogy\SimuladorCashlogy.csproj", "{52539472-8BFF-40D7-AE0F-01A3FF00D233}"
EndProject
Global
	GlobalSection(SolutionConfigurationPlatforms) = preSolution
		Debug|Any CPU = Debug|Any CPU
		Release|Any CPU = Release|Any CPU
	EndGlobalSection
	GlobalSection(ProjectConfigurationPlatforms) = postSolution
		{52539472-8BFF-40D7-AE0F-01A3FF00D233}.Debug|Any CPU.ActiveCfg = Debug|Any CPU
		{52539472-8BFF-40D7-AE0F-01A3FF00D233}.Debug|Any CPU.Build.0 = Debug|Any CPU
		{52539472-8BFF-40D7-AE0F-01A3FF00D233}.Release|Any CPU.ActiveCfg = Release|Any CPU
		{52539472-8BFF-40D7-AE0F-01A3FF00D233}.Release|Any CPU.Build.0 = Release|Any CPU
	EndGlobalSection
	GlobalSection(SolutionProperties) = preSolution
		HideSolutionNode = FALSE
	EndGlobalSection
	GlobalSection(ExtensibilityGlobals) = postSolution
		SolutionGuid = {344A593F-C59E-4502-BD37-ED070FDDCFB0}
	EndGlobalSection
EndGlobal
